
Microsoft Visual Studio Solution File, Format Version 12.00
# Visual Studio Express 2012 for Web
Project("{FAE04EC0-301F-11D3-BF4B-00C04F79EFBC}") = "MajorsPoolWeb", "MajorsPool\MajorsPoolWeb.csproj", "{4D6A0B08-110E-4C7C-909C-9EF61D1B62A9}"
EndProject
Global
	GlobalSection(SolutionConfigurationPlatforms) = preSolution
		Debug|Any CPU = Debug|Any CPU
		Release|Any CPU = Release|Any CPU
	EndGlobalSection
	GlobalSection(ProjectConfigurationPlatforms) = postSolution
		{4D6A0B08-110E-4C7C-909C-9EF61D1B62A9}.Debug|Any CPU.ActiveCfg = Debug|Any CPU
		{4D6A0B08-110E-4C7C-909C-9EF61D1B62A9}.Debug|Any CPU.Build.0 = Debug|Any CPU
		{4D6A0B08-110E-4C7C-909C-9EF61D1B62A9}.Release|Any CPU.ActiveCfg = Release|Any CPU
		{4D6A0B08-110E-4C7C-909C-9EF61D1B62A9}.Release|Any CPU.Build.0 = Release|Any CPU
	EndGlobalSection
	GlobalSection(SolutionProperties) = preSolution
		HideSolutionNode = FALSE
	EndGlobalSection
EndGlobal
